
Microsoft Visual Studio Solution File, Format Version 12.00
# Visual Studio Version 17
VisualStudioVersion = 17.4.33122.133
MinimumVisualStudioVersion = 10.0.40219.1
Project("{8BC9CEB8-8B4A-11D0-8D11-00A0C91BC942}") = "Home tusk 14.1", "Home tusk 14.1\Home tusk 14.1.vcxproj", "{05B5C826-07A1-4337-9C90-552D5EFF8AFB}"
EndProject
Global
	GlobalSection(SolutionConfigurationPlatforms) = preSolution
		Debug|x64 = Debug|x64
		Debug|x86 = Debug|x86
		Release|x64 = Release|x64
		Release|x86 = Release|x86
	EndGlobalSection
	GlobalSection(ProjectConfigurationPlatforms) = postSolution
		{05B5C826-07A1-4337-9C90-552D5EFF8AFB}.Debug|x64.ActiveCfg = Debug|x64
		{05B5C826-07A1-4337-9C90-552D5EFF8AFB}.Debug|x64.Build.0 = Debug|x64
		{05B5C826-07A1-4337-9C90-552D5EFF8AFB}.Debug|x86.ActiveCfg = Debug|Win32
		{05B5C826-07A1-4337-9C90-552D5EFF8AFB}.Debug|x86.Build.0 = Debug|Win32
		{05B5C826-07A1-4337-9C90-552D5EFF8AFB}.Release|x64.ActiveCfg = Release|x64
		{05B5C826-07A1-4337-9C90-552D5EFF8AFB}.Release|x64.Build.0 = Release|x64
		{05B5C826-07A1-4337-9C90-552D5EFF8AFB}.Release|x86.ActiveCfg = Release|Win32
		{05B5C826-07A1-4337-9C90-552D5EFF8AFB}.Release|x86.Build.0 = Release|Win32
	EndGlobalSection
	GlobalSection(SolutionProperties) = preSolution
		HideSolutionNode = FALSE
	EndGlobalSection
	GlobalSection(ExtensibilityGlobals) = postSolution
		SolutionGuid = {4D56DDA3-E20A-4706-9BF2-B181C9C7171E}
	EndGlobalSection
EndGlobal
